
Microsoft Visual Studio Solution File, Format Version 12.00
# Visual Studio Version 17
VisualStudioVersion = 17.9.34723.18
MinimumVisualStudioVersion = 10.0.40219.1
Project("{8BC9CEB8-8B4A-11D0-8D11-00A0C91BC942}") = "BinConverter", "BinConverter\BinConverter.vcxproj", "{3E11F817-0703-4089-ABE2-49D906E22202}"
EndProject
Project("{8BC9CEB8-8B4A-11D0-8D11-00A0C91BC942}") = "ImGui", "ImGui\ImGui.vcxproj", "{2600A4E0-9EF6-410D-8221-739977E9B231}"
EndProject
Project("{8BC9CEB8-8B4A-11D0-8D11-00A0C91BC942}") = "Logger", "Logger\Logger.vcxproj", "{4A2FC907-CD3B-4724-A26B-CC4D3CFFA62C}"
EndProject
Project("{8BC9CEB8-8B4A-11D0-8D11-00A0C91BC942}") = "Window", "Window\Window.vcxproj", "{0FA96980-D214-4EC7-9BBA-5F3229D3B1F5}"
EndProject
Project("{8BC9CEB8-8B4A-11D0-8D11-00A0C91BC942}") = "Utils", "Utils\Utils.vcxproj", "{2C63644D-EF77-42B0-9DA9-20A0DE96ADCD}"
EndProject
Global
	GlobalSection(SolutionConfigurationPlatforms) = preSolution
		Debug|x64 = Debug|x64
		Debug|x86 = Debug|x86
		Release|x64 = Release|x64
		Release|x86 = Release|x86
	EndGlobalSection
	GlobalSection(ProjectConfigurationPlatforms) = postSolution
		{3E11F817-0703-4089-ABE2-49D906E22202}.Debug|x64.ActiveCfg = Debug|x64
		{3E11F817-0703-4089-ABE2-49D906E22202}.Debug|x64.Build.0 = Debug|x64
		{3E11F817-0703-4089-ABE2-49D906E22202}.Debug|x86.ActiveCfg = Debug|Win32
		{3E11F817-0703-4089-ABE2-49D906E22202}.Debug|x86.Build.0 = Debug|Win32
		{3E11F817-0703-4089-ABE2-49D906E22202}.Release|x64.ActiveCfg = Release|x64
		{3E11F817-0703-4089-ABE2-49D906E22202}.Release|x64.Build.0 = Release|x64
		{3E11F817-0703-4089-ABE2-49D906E22202}.Release|x86.ActiveCfg = Release|Win32
		{3E11F817-0703-4089-ABE2-49D906E22202}.Release|x86.Build.0 = Release|Win32
		{2600A4E0-9EF6-410D-8221-739977E9B231}.Debug|x64.ActiveCfg = Debug|x64
		{2600A4E0-9EF6-410D-8221-739977E9B231}.Debug|x64.Build.0 = Debug|x64
		{2600A4E0-9EF6-410D-8221-739977E9B231}.Debug|x86.ActiveCfg = Debug|Win32
		{2600A4E0-9EF6-410D-8221-739977E9B231}.Debug|x86.Build.0 = Debug|Win32
		{2600A4E0-9EF6-410D-8221-739977E9B231}.Release|x64.ActiveCfg = Release|x64
		{2600A4E0-9EF6-410D-8221-739977E9B231}.Release|x64.Build.0 = Release|x64
		{2600A4E0-9EF6-410D-8221-739977E9B231}.Release|x86.ActiveCfg = Release|Win32
		{2600A4E0-9EF6-410D-8221-739977E9B231}.Release|x86.Build.0 = Release|Win32
		{4A2FC907-CD3B-4724-A26B-CC4D3CFFA62C}.Debug|x64.ActiveCfg = Debug|x64
		{4A2FC907-CD3B-4724-A26B-CC4D3CFFA62C}.Debug|x64.Build.0 = Debug|x64
		{4A2FC907-CD3B-4724-A26B-CC4D3CFFA62C}.Debug|x86.ActiveCfg = Debug|Win32
		{4A2FC907-CD3B-4724-A26B-CC4D3CFFA62C}.Debug|x86.Build.0 = Debug|Win32
		{4A2FC907-CD3B-4724-A26B-CC4D3CFFA62C}.Release|x64.ActiveCfg = Release|x64
		{4A2FC907-CD3B-4724-A26B-CC4D3CFFA62C}.Release|x64.Build.0 = Release|x64
		{4A2FC907-CD3B-4724-A26B-CC4D3CFFA62C}.Release|x86.ActiveCfg = Release|Win32
		{4A2FC907-CD3B-4724-A26B-CC4D3CFFA62C}.Release|x86.Build.0 = Release|Win32
		{0FA96980-D214-4EC7-9BBA-5F3229D3B1F5}.Debug|x64.ActiveCfg = Debug|x64
		{0FA96980-D214-4EC7-9BBA-5F3229D3B1F5}.Debug|x64.Build.0 = Debug|x64
		{0FA96980-D214-4EC7-9BBA-5F3229D3B1F5}.Debug|x86.ActiveCfg = Debug|Win32
		{0FA96980-D214-4EC7-9BBA-5F3229D3B1F5}.Debug|x86.Build.0 = Debug|Win32
		{0FA96980-D214-4EC7-9BBA-5F3229D3B1F5}.Release|x64.ActiveCfg = Release|x64
		{0FA96980-D214-4EC7-9BBA-5F3229D3B1F5}.Release|x64.Build.0 = Release|x64
		{0FA96980-D214-4EC7-9BBA-5F3229D3B1F5}.Release|x86.ActiveCfg = Release|Win32
		{0FA96980-D214-4EC7-9BBA-5F3229D3B1F5}.Release|x86.Build.0 = Release|Win32
		{2C63644D-EF77-42B0-9DA9-20A0DE96ADCD}.Debug|x64.ActiveCfg = Debug|x64
		{2C63644D-EF77-42B0-9DA9-20A0DE96ADCD}.Debug|x64.Build.0 = Debug|x64
		{2C63644D-EF77-42B0-9DA9-20A0DE96ADCD}.Debug|x86.ActiveCfg = Debug|Win32
		{2C63644D-EF77-42B0-9DA9-20A0DE96ADCD}.Debug|x86.Build.0 = Debug|Win32
		{2C63644D-EF77-42B0-9DA9-20A0DE96ADCD}.Release|x64.ActiveCfg = Release|x64
		{2C63644D-EF77-42B0-9DA9-20A0DE96ADCD}.Release|x64.Build.0 = Release|x64
		{2C63644D-EF77-42B0-9DA9-20A0DE96ADCD}.Release|x86.ActiveCfg = Release|Win32
		{2C63644D-EF77-42B0-9DA9-20A0DE96ADCD}.Release|x86.Build.0 = Release|Win32
	EndGlobalSection
	GlobalSection(SolutionProperties) = preSolution
		HideSolutionNode = FALSE
	EndGlobalSection
	GlobalSection(ExtensibilityGlobals) = postSolution
		SolutionGuid = {D9C7D1C2-D425-4DCA-8DC1-FCA23E3CE35D}
	EndGlobalSection
EndGlobal
